// !$*UTF8*$!
{
	archiveVersion = 1;
	classes = {
	};
	objectVersion = 56;
	objects = {

/* Begin PBXBuildFile section */
		0518B7A82D196246001B8EBF /* FrameworkGridViewModel.swift in Sources */ = {isa = PBXBuildFile; fileRef = 0518B7A72D196246001B8EBF /* FrameworkGridViewModel.swift */; };
		0524749F2D20128C000C3CF5 /* FrameworkTitleView.swift in Sources */ = {isa = PBXBuildFile; fileRef = 0524749E2D20128C000C3CF5 /* FrameworkTitleView.swift */; };
		052F52D12D1F3B6A00F55119 /* xButton.swift in Sources */ = {isa = PBXBuildFile; fileRef = 052F52D02D1F3B6900F55119 /* xButton.swift */; };
		053D6B122D1438D800C9BBE7 /* FrameworkDetailView.swift in Sources */ = {isa = PBXBuildFile; fileRef = 053D6B112D1438D800C9BBE7 /* FrameworkDetailView.swift */; };
		053D6B142D1449DC00C9BBE7 /* AFButton.swift in Sources */ = {isa = PBXBuildFile; fileRef = 053D6B132D1449DC00C9BBE7 /* AFButton.swift */; };
		0570C6642D1AD34200EEF32F /* SafariView.swift in Sources */ = {isa = PBXBuildFile; fileRef = 0570C6632D1AD34200EEF32F /* SafariView.swift */; };
		05FBDCA52D0DBD3500C8D496 /* Apple_FramworksApp.swift in Sources */ = {isa = PBXBuildFile; fileRef = 05FBDCA42D0DBD3500C8D496 /* Apple_FramworksApp.swift */; };
		05FBDCA92D0DBD3800C8D496 /* Assets.xcassets in Resources */ = {isa = PBXBuildFile; fileRef = 05FBDCA82D0DBD3800C8D496 /* Assets.xcassets */; };
		05FBDCAC2D0DBD3800C8D496 /* Preview Assets.xcassets in Resources */ = {isa = PBXBuildFile; fileRef = 05FBDCAB2D0DBD3800C8D496 /* Preview Assets.xcassets */; };
		05FBDCB32D0DC85300C8D496 /* Framework.swift in Sources */ = {isa = PBXBuildFile; fileRef = 05FBDCB22D0DC85300C8D496 /* Framework.swift */; };
		05FBDCB52D0DCFCD00C8D496 /* FrameworkGridView.swift in Sources */ = {isa = PBXBuildFile; fileRef = 05FBDCB42D0DCFCD00C8D496 /* FrameworkGridView.swift */; };
		05FBDCB72D0DD02400C8D496 /* ContentView.swift in Sources */ = {isa = PBXBuildFile; fileRef = 05FBDCB62D0DD02400C8D496 /* ContentView.swift */; };
/* End PBXBuildFile section */

/* Begin PBXFileReference section */
		0518B7A72D196246001B8EBF /* FrameworkGridViewModel.swift */ = {isa = PBXFileReference; lastKnownFileType = sourcecode.swift; path = FrameworkGridViewModel.swift; sourceTree = "<group>"; };
		0524749E2D20128C000C3CF5 /* FrameworkTitleView.swift */ = {isa = PBXFileReference; lastKnownFileType = sourcecode.swift; path = FrameworkTitleView.swift; sourceTree = "<group>"; };
		052F52D02D1F3B6900F55119 /* xButton.swift */ = {isa = PBXFileReference; lastKnownFileType = sourcecode.swift; path = xButton.swift; sourceTree = "<group>"; };
		053D6B112D1438D800C9BBE7 /* FrameworkDetailView.swift */ = {isa = PBXFileReference; lastKnownFileType = sourcecode.swift; path = FrameworkDetailView.swift; sourceTree = "<group>"; };
		053D6B132D1449DC00C9BBE7 /* AFButton.swift */ = {isa = PBXFileReference; lastKnownFileType = sourcecode.swift; path = AFButton.swift; sourceTree = "<group>"; };
		0570C6632D1AD34200EEF32F /* SafariView.swift */ = {isa = PBXFileReference; lastKnownFileType = sourcecode.swift; path = SafariView.swift; sourceTree = "<group>"; };
		05FBDCA12D0DBD3500C8D496 /* Apple-Framworks.app */ = {isa = PBXFileReference; explicitFileType = wrapper.application; includeInIndex = 0; path = "Apple-Framworks.app"; sourceTree = BUILT_PRODUCTS_DIR; };
		05FBDCA42D0DBD3500C8D496 /* Apple_FramworksApp.swift */ = {isa = PBXFileReference; lastKnownFileType = sourcecode.swift; path = Apple_FramworksApp.swift; sourceTree = "<group>"; };
		05FBDCA82D0DBD3800C8D496 /* Assets.xcassets */ = {isa = PBXFileReference; lastKnownFileType = folder.assetcatalog; path = Assets.xcassets; sourceTree = "<group>"; };
		05FBDCAB2D0DBD3800C8D496 /* Preview Assets.xcassets */ = {isa = PBXFileReference; lastKnownFileType = folder.assetcatalog; path = "Preview Assets.xcassets"; sourceTree = "<group>"; };
		05FBDCB22D0DC85300C8D496 /* Framework.swift */ = {isa = PBXFileReference; lastKnownFileType = sourcecode.swift; path = Framework.swift; sourceTree = "<group>"; };
		05FBDCB42D0DCFCD00C8D496 /* FrameworkGridView.swift */ = {isa = PBXFileReference; lastKnownFileType = sourcecode.swift; path = FrameworkGridView.swift; sourceTree = "<group>"; };
		05FBDCB62D0DD02400C8D496 /* ContentView.swift */ = {isa = PBXFileReference; lastKnownFileType = sourcecode.swift; path = ContentView.swift; sourceTree = "<group>"; };
/* End PBXFileReference section */

/* Begin PBXFrameworksBuildPhase section */
		05FBDC9E2D0DBD3500C8D496 /* Frameworks */ = {
			isa = PBXFrameworksBuildPhase;
			buildActionMask = 2147483647;
			files = (
			);
			runOnlyForDeploymentPostprocessing = 0;
		};
/* End PBXFrameworksBuildPhase section */

/* Begin PBXGroup section */
		05FBDC982D0DBD3500C8D496 = {
			isa = PBXGroup;
			children = (
				05FBDCA32D0DBD3500C8D496 /* Apple-Framworks */,
				05FBDCA22D0DBD3500C8D496 /* Products */,
			);
			sourceTree = "<group>";
		};
		05FBDCA22D0DBD3500C8D496 /* Products */ = {
			isa = PBXGroup;
			children = (
				05FBDCA12D0DBD3500C8D496 /* Apple-Framworks.app */,
			);
			name = Products;
			sourceTree = "<group>";
		};
		05FBDCA32D0DBD3500C8D496 /* Apple-Framworks */ = {
			isa = PBXGroup;
			children = (
				053D6B112D1438D800C9BBE7 /* FrameworkDetailView.swift */,
				0570C6632D1AD34200EEF32F /* SafariView.swift */,
				05FBDCB62D0DD02400C8D496 /* ContentView.swift */,
				05FBDCB42D0DCFCD00C8D496 /* FrameworkGridView.swift */,
				05FBDCA42D0DBD3500C8D496 /* Apple_FramworksApp.swift */,
				05FBDCA82D0DBD3800C8D496 /* Assets.xcassets */,
				05FBDCAA2D0DBD3800C8D496 /* Preview Content */,
				053D6B132D1449DC00C9BBE7 /* AFButton.swift */,
				0518B7A72D196246001B8EBF /* FrameworkGridViewModel.swift */,
				052F52D02D1F3B6900F55119 /* xButton.swift */,
				0524749E2D20128C000C3CF5 /* FrameworkTitleView.swift */,
			);
			path = "Apple-Framworks";
			sourceTree = "<group>";
		};
		05FBDCAA2D0DBD3800C8D496 /* Preview Content */ = {
			isa = PBXGroup;
			children = (
				05FBDCB22D0DC85300C8D496 /* Framework.swift */,
				05FBDCAB2D0DBD3800C8D496 /* Preview Assets.xcassets */,
			);
			path = "Preview Content";
			sourceTree = "<group>";
		};
/* End PBXGroup section */

/* Begin PBXNativeTarget section */
		05FBDCA02D0DBD3500C8D496 /* Apple-Framworks */ = {
			isa = PBXNativeTarget;
			buildConfigurationList = 05FBDCAF2D0DBD3800C8D496 /* Build configuration list for PBXNativeTarget "Apple-Framworks" */;
			buildPhases = (
				05FBDC9D2D0DBD3500C8D496 /* Sources */,
				05FBDC9E2D0DBD3500C8D496 /* Frameworks */,
				05FBDC9F2D0DBD3500C8D496 /* Resources */,
			);
			buildRules = (
			);
			dependencies = (
			);
			name = "Apple-Framworks";
			productName = "Apple-Framworks";
			productReference = 05FBDCA12D0DBD3500C8D496 /* Apple-Framworks.app */;
			productType = "com.apple.product-type.application";
		};
/* End PBXNativeTarget section */

/* Begin PBXProject section */
		05FBDC992D0DBD3500C8D496 /* Project object */ = {
			isa = PBXProject;
			attributes = {
				BuildIndependentTargetsInParallel = 1;
				LastSwiftUpdateCheck = 1540;
				LastUpgradeCheck = 1540;
				TargetAttributes = {
					05FBDCA02D0DBD3500C8D496 = {
						CreatedOnToolsVersion = 15.4;
					};
				};
			};
			buildConfigurationList = 05FBDC9C2D0DBD3500C8D496 /* Build configuration list for PBXProject "Apple-Framworks" */;
			compatibilityVersion = "Xcode 14.0";
			developmentRegion = en;
			hasScannedForEncodings = 0;
			knownRegions = (
				en,
				Base,
			);
			mainGroup = 05FBDC982D0DBD3500C8D496;
			productRefGroup = 05FBDCA22D0DBD3500C8D496 /* Products */;
			projectDirPath = "";
			projectRoot = "";
			targets = (
				05FBDCA02D0DBD3500C8D496 /* Apple-Framworks */,
			);
		};
/* End PBXProject section */

/* Begin PBXResourcesBuildPhase section */
		05FBDC9F2D0DBD3500C8D496 /* Resources */ = {
			isa = PBXResourcesBuildPhase;
			buildActionMask = 2147483647;
			files = (
				05FBDCAC2D0DBD3800C8D496 /* Preview Assets.xcassets in Resources */,
				05FBDCA92D0DBD3800C8D496 /* Assets.xcassets in Resources */,
			);
			runOnlyForDeploymentPostprocessing = 0;
		};
/* End PBXResourcesBuildPhase section */

/* Begin PBXSourcesBuildPhase section */
		05FBDC9D2D0DBD3500C8D496 /* Sources */ = {
			isa = PBXSourcesBuildPhase;
			buildActionMask = 2147483647;
			files = (
				053D6B142D1449DC00C9BBE7 /* AFButton.swift in Sources */,
				05FBDCB52D0DCFCD00C8D496 /* FrameworkGridView.swift in Sources */,
				05FBDCB32D0DC85300C8D496 /* Framework.swift in Sources */,
				053D6B122D1438D800C9BBE7 /* FrameworkDetailView.swift in Sources */,
				0524749F2D20128C000C3CF5 /* FrameworkTitleView.swift in Sources */,
				052F52D12D1F3B6A00F55119 /* xButton.swift in Sources */,
				0570C6642D1AD34200EEF32F /* SafariView.swift in Sources */,
				05FBDCB72D0DD02400C8D496 /* ContentView.swift in Sources */,
				0518B7A82D196246001B8EBF /* FrameworkGridViewModel.swift in Sources */,
				05FBDCA52D0DBD3500C8D496 /* Apple_FramworksApp.swift in Sources */,
			);
			runOnlyForDeploymentPostprocessing = 0;
		};
/* End PBXSourcesBuildPhase section */

/* Begin XCBuildConfiguration section */
		05FBDCAD2D0DBD3800C8D496 /* Debug */ = {
			isa = XCBuildConfiguration;
			buildSettings = {
				ALWAYS_SEARCH_USER_PATHS = NO;
				ASSETCATALOG_COMPILER_GENERATE_SWIFT_ASSET_SYMBOL_EXTENSIONS = YES;
				CLANG_ANALYZER_NONNULL = YES;
				CLANG_ANALYZER_NUMBER_OBJECT_CONVERSION = YES_AGGRESSIVE;
				CLANG_CXX_LANGUAGE_STANDARD = "gnu++20";
				CLANG_ENABLE_MODULES = YES;
				CLANG_ENABLE_OBJC_ARC = YES;
				CLANG_ENABLE_OBJC_WEAK = YES;
				CLANG_WARN_BLOCK_CAPTURE_AUTORELEASING = YES;
				CLANG_WARN_BOOL_CONVERSION = YES;
				CLANG_WARN_COMMA = YES;
				CLANG_WARN_CONSTANT_CONVERSION = YES;
				CLANG_WARN_DEPRECATED_OBJC_IMPLEMENTATIONS = YES;
				CLANG_WARN_DIRECT_OBJC_ISA_USAGE = YES_ERROR;
				CLANG_WARN_DOCUMENTATION_COMMENTS = YES;
				CLANG_WARN_EMPTY_BODY = YES;
				CLANG_WARN_ENUM_CONVERSION = YES;
				CLANG_WARN_INFINITE_RECURSION = YES;
				CLANG_WARN_INT_CONVERSION = YES;
				CLANG_WARN_NON_LITERAL_NULL_CONVERSION = YES;
				CLANG_WARN_OBJC_IMPLICIT_RETAIN_SELF = YES;
				CLANG_WARN_OBJC_LITERAL_CONVERSION = YES;
				CLANG_WARN_OBJC_ROOT_CLASS = YES_ERROR;
				CLANG_WARN_QUOTED_INCLUDE_IN_FRAMEWORK_HEADER = YES;
				CLANG_WARN_RANGE_LOOP_ANALYSIS = YES;
				CLANG_WARN_STRICT_PROTOTYPES = YES;
				CLANG_WARN_SUSPICIOUS_MOVE = YES;
				CLANG_WARN_UNGUARDED_AVAILABILITY = YES_AGGRESSIVE;
				CLANG_WARN_UNREACHABLE_CODE = YES;
				CLANG_WARN__DUPLICATE_METHOD_MATCH = YES;
				COPY_PHASE_STRIP = NO;
				DEBUG_INFORMATION_FORMAT = dwarf;
				ENABLE_STRICT_OBJC_MSGSEND = YES;
				ENABLE_TESTABILITY = YES;
				ENABLE_USER_SCRIPT_SANDBOXING = YES;
				GCC_C_LANGUAGE_STANDARD = gnu17;
				GCC_DYNAMIC_NO_PIC = NO;
				GCC_NO_COMMON_BLOCKS = YES;
				GCC_OPTIMIZATION_LEVEL = 0;
				GCC_PREPROCESSOR_DEFINITIONS = (
					"DEBUG=1",
					"$(inherited)",
				);
				GCC_WARN_64_TO_32_BIT_CONVERSION = YES;
				GCC_WARN_ABOUT_RETURN_TYPE = YES_ERROR;
				GCC_WARN_UNDECLARED_SELECTOR = YES;
				GCC_WARN_UNINITIALIZED_AUTOS = YES_AGGRESSIVE;
				GCC_WARN_UNUSED_FUNCTION = YES;
				GCC_WARN_UNUSED_VARIABLE = YES;
				IPHONEOS_DEPLOYMENT_TARGET = 17.5;
				LOCALIZATION_PREFERS_STRING_CATALOGS = YES;
				MTL_ENABLE_DEBUG_INFO = INCLUDE_SOURCE;
				MTL_FAST_MATH = YES;
				ONLY_ACTIVE_ARCH = YES;
				SDKROOT = iphoneos;
				SWIFT_ACTIVE_COMPILATION_CONDITIONS = "DEBUG $(inherited)";
				SWIFT_OPTIMIZATION_LEVEL = "-Onone";
			};
			name = Debug;
		};
		05FBDCAE2D0DBD3800C8D496 /* Release */ = {
			isa = XCBuildConfiguration;
			buildSettings = {
				ALWAYS_SEARCH_USER_PATHS = NO;
				ASSETCATALOG_COMPILER_GENERATE_SWIFT_ASSET_SYMBOL_EXTENSIONS = YES;
				CLANG_ANALYZER_NONNULL = YES;
				CLANG_ANALYZER_NUMBER_OBJECT_CONVERSION = YES_AGGRESSIVE;
				CLANG_CXX_LANGUAGE_STANDARD = "gnu++20";
				CLANG_ENABLE_MODULES = YES;
				CLANG_ENABLE_OBJC_ARC = YES;
				CLANG_ENABLE_OBJC_WEAK = YES;
				CLANG_WARN_BLOCK_CAPTURE_AUTORELEASING = YES;
				CLANG_WARN_BOOL_CONVERSION = YES;
				CLANG_WARN_COMMA = YES;
				CLANG_WARN_CONSTANT_CONVERSION = YES;
				CLANG_WARN_DEPRECATED_OBJC_IMPLEMENTATIONS = YES;
				CLANG_WARN_DIRECT_OBJC_ISA_USAGE = YES_ERROR;
				CLANG_WARN_DOCUMENTATION_COMMENTS = YES;
				CLANG_WARN_EMPTY_BODY = YES;
				CLANG_WARN_ENUM_CONVERSION = YES;
				CLANG_WARN_INFINITE_RECURSION = YES;
				CLANG_WARN_INT_CONVERSION = YES;
				CLANG_WARN_NON_LITERAL_NULL_CONVERSION = YES;
				CLANG_WARN_OBJC_IMPLICIT_RETAIN_SELF = YES;
				CLANG_WARN_OBJC_LITERAL_CONVERSION = YES;
				CLANG_WARN_OBJC_ROOT_CLASS = YES_ERROR;
				CLANG_WARN_QUOTED_INCLUDE_IN_FRAMEWORK_HEADER = YES;
				CLANG_WARN_RANGE_LOOP_ANALYSIS = YES;
				CLANG_WARN_STRICT_PROTOTYPES = YES;
				CLANG_WARN_SUSPICIOUS_MOVE = YES;
				CLANG_WARN_UNGUARDED_AVAILABILITY = YES_AGGRESSIVE;
				CLANG_WARN_UNREACHABLE_CODE = YES;
				CLANG_WARN__DUPLICATE_METHOD_MATCH = YES;
				COPY_PHASE_STRIP = NO;
				DEBUG_INFORMATION_FORMAT = "dwarf-with-dsym";
				ENABLE_NS_ASSERTIONS = NO;
				ENABLE_STRICT_OBJC_MSGSEND = YES;
				ENABLE_USER_SCRIPT_SANDBOXING = YES;
				GCC_C_LANGUAGE_STANDARD = gnu17;
				GCC_NO_COMMON_BLOCKS = YES;
				GCC_WARN_64_TO_32_BIT_CONVERSION = YES;
				GCC_WARN_ABOUT_RETURN_TYPE = YES_ERROR;
				GCC_WARN_UNDECLARED_SELECTOR = YES;
				GCC_WARN_UNINITIALIZED_AUTOS = YES_AGGRESSIVE;
				GCC_WARN_UNUSED_FUNCTION = YES;
				GCC_WARN_UNUSED_VARIABLE = YES;
				IPHONEOS_DEPLOYMENT_TARGET = 17.5;
				LOCALIZATION_PREFERS_STRING_CATALOGS = YES;
				MTL_ENABLE_DEBUG_INFO = NO;
				MTL_FAST_MATH = YES;
				SDKROOT = iphoneos;
				SWIFT_COMPILATION_MODE = wholemodule;
				VALIDATE_PRODUCT = YES;
			};
			name = Release;
		};
		05FBDCB02D0DBD3800C8D496 /* Debug */ = {
			isa = XCBuildConfiguration;
			buildSettings = {
				ASSETCATALOG_COMPILER_APPICON_NAME = AppIcon;
				ASSETCATALOG_COMPILER_GLOBAL_ACCENT_COLOR_NAME = AccentColor;
				CODE_SIGN_STYLE = Automatic;
				CURRENT_PROJECT_VERSION = 1;
				DEVELOPMENT_ASSET_PATHS = "\"Apple-Framworks/Preview Content\"";
				ENABLE_PREVIEWS = YES;
				GENERATE_INFOPLIST_FILE = YES;
				INFOPLIST_KEY_UIApplicationSceneManifest_Generation = YES;
				INFOPLIST_KEY_UIApplicationSupportsIndirectInputEvents = YES;
				INFOPLIST_KEY_UILaunchScreen_Generation = YES;
				INFOPLIST_KEY_UISupportedInterfaceOrientations_iPad = "UIInterfaceOrientationPortrait UIInterfaceOrientationPortraitUpsideDown UIInterfaceOrientationLandscapeLeft UIInterfaceOrientationLandscapeRight";
				INFOPLIST_KEY_UISupportedInterfaceOrientations_iPhone = "UIInterfaceOrientationPortrait UIInterfaceOrientationLandscapeLeft UIInterfaceOrientationLandscapeRight";
				LD_RUNPATH_SEARCH_PATHS = (
					"$(inherited)",
					"@executable_path/Frameworks",
				);
				MARKETING_VERSION = 1.0;
				PRODUCT_BUNDLE_IDENTIFIER = "Hadeel-Jamoul.Apple-Framworks";
				PRODUCT_NAME = "$(TARGET_NAME)";
				SWIFT_EMIT_LOC_STRINGS = YES;
				SWIFT_VERSION = 5.0;
				TARGETED_DEVICE_FAMILY = "1,2";
			};
			name = Debug;
		};
		05FBDCB12D0DBD3800C8D496 /* Release */ = {
			isa = XCBuildConfiguration;
			buildSettings = {
				ASSETCATALOG_COMPILER_APPICON_NAME = AppIcon;
				ASSETCATALOG_COMPILER_GLOBAL_ACCENT_COLOR_NAME = AccentColor;
				CODE_SIGN_STYLE = Automatic;
				CURRENT_PROJECT_VERSION = 1;
				DEVELOPMENT_ASSET_PATHS = "\"Apple-Framworks/Preview Content\"";
				ENABLE_PREVIEWS = YES;
				GENERATE_INFOPLIST_FILE = YES;
				INFOPLIST_KEY_UIApplicationSceneManifest_Generation = YES;
				INFOPLIST_KEY_UIApplicationSupportsIndirectInputEvents = YES;
				INFOPLIST_KEY_UILaunchScreen_Generation = YES;
				INFOPLIST_KEY_UISupportedInterfaceOrientations_iPad = "UIInterfaceOrientationPortrait UIInterfaceOrientationPortraitUpsideDown UIInterfaceOrientationLandscapeLeft UIInterfaceOrientationLandscapeRight";
				INFOPLIST_KEY_UISupportedInterfaceOrientations_iPhone = "UIInterfaceOrientationPortrait UIInterfaceOrientationLandscapeLeft UIInterfaceOrientationLandscapeRight";
				LD_RUNPATH_SEARCH_PATHS = (
					"$(inherited)",
					"@executable_path/Frameworks",
				);
				MARKETING_VERSION = 1.0;
				PRODUCT_BUNDLE_IDENTIFIER = "Hadeel-Jamoul.Apple-Framworks";
				PRODUCT_NAME = "$(TARGET_NAME)";
				SWIFT_EMIT_LOC_STRINGS = YES;
				SWIFT_VERSION = 5.0;
				TARGETED_DEVICE_FAMILY = "1,2";
			};
			name = Release;
		};
/* End XCBuildConfiguration section */

/* Begin XCConfigurationList section */
		05FBDC9C2D0DBD3500C8D496 /* Build configuration list for PBXProject "Apple-Framworks" */ = {
			isa = XCConfigurationList;
			buildConfigurations = (
				05FBDCAD2D0DBD3800C8D496 /* Debug */,
				05FBDCAE2D0DBD3800C8D496 /* Release */,
			);
			defaultConfigurationIsVisible = 0;
			defaultConfigurationName = Release;
		};
		05FBDCAF2D0DBD3800C8D496 /* Build configuration list for PBXNativeTarget "Apple-Framworks" */ = {
			isa = XCConfigurationList;
			buildConfigurations = (
				05FBDCB02D0DBD3800C8D496 /* Debug */,
				05FBDCB12D0DBD3800C8D496 /* Release */,
			);
			defaultConfigurationIsVisible = 0;
			defaultConfigurationName = Release;
		};
/* End XCConfigurationList section */
	};
	rootObject = 05FBDC992D0DBD3500C8D496 /* Project object */;
}
